
Microsoft Visual Studio Solution File, Format Version 12.00
# Visual Studio Version 17
VisualStudioVersion = 17.13.35919.96 d17.13
MinimumVisualStudioVersion = 10.0.40219.1
Project("{FAE04EC0-301F-11D3-BF4B-00C04F79EFBC}") = "EncaladaD_LigaPro", "EncaladaD_LigaPro\EncaladaD_LigaPro.csproj", "{D3EDF448-0CAE-4259-9299-7CFF52609E8B}"
EndProject
Global
	GlobalSection(SolutionConfigurationPlatforms) = preSolution
		Debug|Any CPU = Debug|Any CPU
		Release|Any CPU = Release|Any CPU
	EndGlobalSection
	GlobalSection(ProjectConfigurationPlatforms) = postSolution
		{D3EDF448-0CAE-4259-9299-7CFF52609E8B}.Debug|Any CPU.ActiveCfg = Debug|Any CPU
		{D3EDF448-0CAE-4259-9299-7CFF52609E8B}.Debug|Any CPU.Build.0 = Debug|Any CPU
		{D3EDF448-0CAE-4259-9299-7CFF52609E8B}.Release|Any CPU.ActiveCfg = Release|Any CPU
		{D3EDF448-0CAE-4259-9299-7CFF52609E8B}.Release|Any CPU.Build.0 = Release|Any CPU
	EndGlobalSection
	GlobalSection(SolutionProperties) = preSolution
		HideSolutionNode = FALSE
	EndGlobalSection
	GlobalSection(ExtensibilityGlobals) = postSolution
		SolutionGuid = {4EC53CB5-7698-426B-BEE2-EA3BD63253B4}
	EndGlobalSection
EndGlobal
